// !$*UTF8*$!
{
	archiveVersion = 1;
	classes = {
	};
	objectVersion = 46;
	objects = {

/* Begin PBXBuildFile section */
		0F64B59EC97C35E363660713 /* libPods-ExampleProject.a in Frameworks */ = {isa = PBXBuildFile; fileRef = DDEAF80A5398156E0074AEF7 /* libPods-ExampleProject.a */; };
		28770E501F1F4103002F80ED /* main.m in Sources */ = {isa = PBXBuildFile; fileRef = 28770E4F1F1F4103002F80ED /* main.m */; };
		28770E531F1F4103002F80ED /* AppDelegate.m in Sources */ = {isa = PBXBuildFile; fileRef = 28770E521F1F4103002F80ED /* AppDelegate.m */; };
		28770E5E1F1F4103002F80ED /* LaunchScreen.storyboard in Resources */ = {isa = PBXBuildFile; fileRef = 28770E5C1F1F4103002F80ED /* LaunchScreen.storyboard */; };
		28770F351F1F441C002F80ED /* App.xcassets in Resources */ = {isa = PBXBuildFile; fileRef = 28770EA71F1F441B002F80ED /* App.xcassets */; };
		28770F371F1F441C002F80ED /* Common.xcassets in Resources */ = {isa = PBXBuildFile; fileRef = 28770EA91F1F441B002F80ED /* Common.xcassets */; };
		28770F381F1F441C002F80ED /* Home.xcassets in Resources */ = {isa = PBXBuildFile; fileRef = 28770EAA1F1F441B002F80ED /* Home.xcassets */; };
		28770F391F1F441C002F80ED /* Login.xcassets in Resources */ = {isa = PBXBuildFile; fileRef = 28770EAB1F1F441B002F80ED /* Login.xcassets */; };
		28770F3E1F1F441C002F80ED /* CallsAPIRESTfulService.m in Sources */ = {isa = PBXBuildFile; fileRef = 28770EB31F1F441B002F80ED /* CallsAPIRESTfulService.m */; };
		28770F451F1F441C002F80ED /* SingletonDemo.m in Sources */ = {isa = PBXBuildFile; fileRef = 28770EC71F1F441B002F80ED /* SingletonDemo.m */; };
		28770FCE1F1F4487002F80ED /* CodeStyle.txt in Resources */ = {isa = PBXBuildFile; fileRef = 28770FCD1F1F4487002F80ED /* CodeStyle.txt */; };
		28770FF81F1F4AD2002F80ED /* HomeModel.m in Sources */ = {isa = PBXBuildFile; fileRef = 28770FF71F1F4AD2002F80ED /* HomeModel.m */; };
		28770FFB1F1F4AE1002F80ED /* SecondModel.m in Sources */ = {isa = PBXBuildFile; fileRef = 28770FFA1F1F4AE1002F80ED /* SecondModel.m */; };
		28771DCA1F205762002F80ED /* CoreCache+App.m in Sources */ = {isa = PBXBuildFile; fileRef = 28771DC51F205762002F80ED /* CoreCache+App.m */; };
		28771DCB1F205762002F80ED /* CoreStore+App.m in Sources */ = {isa = PBXBuildFile; fileRef = 28771DC71F205762002F80ED /* CoreStore+App.m */; };
		28771DCC1F205762002F80ED /* UIColor+App.m in Sources */ = {isa = PBXBuildFile; fileRef = 28771DC91F205762002F80ED /* UIColor+App.m */; };
		28771DD01F205C8B002F80ED /* XXHomeViewController.m in Sources */ = {isa = PBXBuildFile; fileRef = 28771DCE1F205C8B002F80ED /* XXHomeViewController.m */; };
		28771DD11F205C8B002F80ED /* XXHomeViewController.xib in Resources */ = {isa = PBXBuildFile; fileRef = 28771DCF1F205C8B002F80ED /* XXHomeViewController.xib */; };
		28771DD51F20A45E002F80ED /* XXSecondViewController.m in Sources */ = {isa = PBXBuildFile; fileRef = 28771DD31F20A45E002F80ED /* XXSecondViewController.m */; };
		28771DD61F20A45E002F80ED /* XXSecondViewController.xib in Resources */ = {isa = PBXBuildFile; fileRef = 28771DD41F20A45E002F80ED /* XXSecondViewController.xib */; };
		28771DDF1F20A4BA002F80ED /* XXThirdViewController.m in Sources */ = {isa = PBXBuildFile; fileRef = 28771DDD1F20A4BA002F80ED /* XXThirdViewController.m */; };
		28771DE01F20A4BA002F80ED /* XXThirdViewController.xib in Resources */ = {isa = PBXBuildFile; fileRef = 28771DDE1F20A4BA002F80ED /* XXThirdViewController.xib */; };
		28771DE41F20A4CE002F80ED /* XXMineViewController.m in Sources */ = {isa = PBXBuildFile; fileRef = 28771DE21F20A4CE002F80ED /* XXMineViewController.m */; };
		28771DE51F20A4CE002F80ED /* XXMineViewController.xib in Resources */ = {isa = PBXBuildFile; fileRef = 28771DE31F20A4CE002F80ED /* XXMineViewController.xib */; };
		28771DEE1F20A5DE002F80ED /* XXUINavigationViewController.m in Sources */ = {isa = PBXBuildFile; fileRef = 28771DED1F20A5DE002F80ED /* XXUINavigationViewController.m */; };
		28771DF31F20A659002F80ED /* UIImageView+Networking.m in Sources */ = {isa = PBXBuildFile; fileRef = 28771DF01F20A659002F80ED /* UIImageView+Networking.m */; };
		28771DF41F20A659002F80ED /* UIViewController+PLExtension.m in Sources */ = {isa = PBXBuildFile; fileRef = 28771DF21F20A659002F80ED /* UIViewController+PLExtension.m */; };
/* End PBXBuildFile section */

/* Begin PBXFileReference section */
		28770E4B1F1F4103002F80ED /* ExampleProject.app */ = {isa = PBXFileReference; explicitFileType = wrapper.application; includeInIndex = 0; path = ExampleProject.app; sourceTree = BUILT_PRODUCTS_DIR; };
		28770E4F1F1F4103002F80ED /* main.m */ = {isa = PBXFileReference; lastKnownFileType = sourcecode.c.objc; path = main.m; sourceTree = "<group>"; };
		28770E511F1F4103002F80ED /* AppDelegate.h */ = {isa = PBXFileReference; lastKnownFileType = sourcecode.c.h; path = AppDelegate.h; sourceTree = "<group>"; };
		28770E521F1F4103002F80ED /* AppDelegate.m */ = {isa = PBXFileReference; lastKnownFileType = sourcecode.c.objc; path = AppDelegate.m; sourceTree = "<group>"; };
		28770E5D1F1F4103002F80ED /* Base */ = {isa = PBXFileReference; lastKnownFileType = file.storyboard; name = Base; path = Base.lproj/LaunchScreen.storyboard; sourceTree = "<group>"; };
		28770E5F1F1F4103002F80ED /* Info.plist */ = {isa = PBXFileReference; lastKnownFileType = text.plist.xml; path = Info.plist; sourceTree = "<group>"; };
		28770EA71F1F441B002F80ED /* App.xcassets */ = {isa = PBXFileReference; lastKnownFileType = folder.assetcatalog; path = App.xcassets; sourceTree = "<group>"; };
		28770EA91F1F441B002F80ED /* Common.xcassets */ = {isa = PBXFileReference; lastKnownFileType = folder.assetcatalog; path = Common.xcassets; sourceTree = "<group>"; };
		28770EAA1F1F441B002F80ED /* Home.xcassets */ = {isa = PBXFileReference; lastKnownFileType = folder.assetcatalog; path = Home.xcassets; sourceTree = "<group>"; };
		28770EAB1F1F441B002F80ED /* Login.xcassets */ = {isa = PBXFileReference; lastKnownFileType = folder.assetcatalog; path = Login.xcassets; sourceTree = "<group>"; };
		28770EB11F1F441B002F80ED /* BaseAPIURL.h */ = {isa = PBXFileReference; fileEncoding = 4; lastKnownFileType = sourcecode.c.h; path = BaseAPIURL.h; sourceTree = "<group>"; };
		28770EB21F1F441B002F80ED /* CallsAPIRESTfulService.h */ = {isa = PBXFileReference; fileEncoding = 4; lastKnownFileType = sourcecode.c.h; path = CallsAPIRESTfulService.h; sourceTree = "<group>"; };
		28770EB31F1F441B002F80ED /* CallsAPIRESTfulService.m */ = {isa = PBXFileReference; fileEncoding = 4; lastKnownFileType = sourcecode.c.objc; path = CallsAPIRESTfulService.m; sourceTree = "<group>"; };
		28770EB41F1F441B002F80ED /* CallsAPIURL.h */ = {isa = PBXFileReference; fileEncoding = 4; lastKnownFileType = sourcecode.c.h; path = CallsAPIURL.h; sourceTree = "<group>"; };
		28770EC61F1F441B002F80ED /* SingletonDemo.h */ = {isa = PBXFileReference; fileEncoding = 4; lastKnownFileType = sourcecode.c.h; path = SingletonDemo.h; sourceTree = "<group>"; };
		28770EC71F1F441B002F80ED /* SingletonDemo.m */ = {isa = PBXFileReference; fileEncoding = 4; lastKnownFileType = sourcecode.c.objc; path = SingletonDemo.m; sourceTree = "<group>"; };
		28770FB01F1F4463002F80ED /* LibsHeader.h */ = {isa = PBXFileReference; fileEncoding = 4; lastKnownFileType = sourcecode.c.h; path = LibsHeader.h; sourceTree = "<group>"; };
		28770FCD1F1F4487002F80ED /* CodeStyle.txt */ = {isa = PBXFileReference; fileEncoding = 4; lastKnownFileType = text; path = CodeStyle.txt; sourceTree = "<group>"; };
		28770FCF1F1F448F002F80ED /* Patrol.entitlements */ = {isa = PBXFileReference; lastKnownFileType = text.plist.entitlements; path = Patrol.entitlements; sourceTree = "<group>"; };
		28770FF61F1F4AD2002F80ED /* HomeModel.h */ = {isa = PBXFileReference; fileEncoding = 4; lastKnownFileType = sourcecode.c.h; path = HomeModel.h; sourceTree = "<group>"; };
		28770FF71F1F4AD2002F80ED /* HomeModel.m */ = {isa = PBXFileReference; fileEncoding = 4; lastKnownFileType = sourcecode.c.objc; path = HomeModel.m; sourceTree = "<group>"; };
		28770FF91F1F4AE1002F80ED /* SecondModel.h */ = {isa = PBXFileReference; fileEncoding = 4; lastKnownFileType = sourcecode.c.h; path = SecondModel.h; sourceTree = "<group>"; };
		28770FFA1F1F4AE1002F80ED /* SecondModel.m */ = {isa = PBXFileReference; fileEncoding = 4; lastKnownFileType = sourcecode.c.objc; path = SecondModel.m; sourceTree = "<group>"; };
		287710001F1F6085002F80ED /* CommonAppHeaders.h */ = {isa = PBXFileReference; fileEncoding = 4; lastKnownFileType = sourcecode.c.h; path = CommonAppHeaders.h; sourceTree = "<group>"; };
		287710011F1F6085002F80ED /* AppConstants.h */ = {isa = PBXFileReference; fileEncoding = 4; lastKnownFileType = sourcecode.c.h; path = AppConstants.h; sourceTree = "<group>"; };
		287710021F1F6085002F80ED /* PodsHeaders.h */ = {isa = PBXFileReference; fileEncoding = 4; lastKnownFileType = sourcecode.c.h; path = PodsHeaders.h; sourceTree = "<group>"; };
		28771DC41F205762002F80ED /* CoreCache+App.h */ = {isa = PBXFileReference; fileEncoding = 4; lastKnownFileType = sourcecode.c.h; name = "CoreCache+App.h"; path = "ExampleProject/Common/Additions/CoreCache+App.h"; sourceTree = SOURCE_ROOT; };
		28771DC51F205762002F80ED /* CoreCache+App.m */ = {isa = PBXFileReference; fileEncoding = 4; lastKnownFileType = sourcecode.c.objc; name = "CoreCache+App.m"; path = "ExampleProject/Common/Additions/CoreCache+App.m"; sourceTree = SOURCE_ROOT; };
		28771DC61F205762002F80ED /* CoreStore+App.h */ = {isa = PBXFileReference; fileEncoding = 4; lastKnownFileType = sourcecode.c.h; name = "CoreStore+App.h"; path = "ExampleProject/Common/Additions/CoreStore+App.h"; sourceTree = SOURCE_ROOT; };
		28771DC71F205762002F80ED /* CoreStore+App.m */ = {isa = PBXFileReference; fileEncoding = 4; lastKnownFileType = sourcecode.c.objc; name = "CoreStore+App.m"; path = "ExampleProject/Common/Additions/CoreStore+App.m"; sourceTree = SOURCE_ROOT; };
		28771DC81F205762002F80ED /* UIColor+App.h */ = {isa = PBXFileReference; fileEncoding = 4; lastKnownFileType = sourcecode.c.h; name = "UIColor+App.h"; path = "ExampleProject/Common/Additions/UIColor+App.h"; sourceTree = SOURCE_ROOT; };
		28771DC91F205762002F80ED /* UIColor+App.m */ = {isa = PBXFileReference; fileEncoding = 4; lastKnownFileType = sourcecode.c.objc; name = "UIColor+App.m"; path = "ExampleProject/Common/Additions/UIColor+App.m"; sourceTree = SOURCE_ROOT; };
		28771DCD1F205C8B002F80ED /* XXHomeViewController.h */ = {isa = PBXFileReference; fileEncoding = 4; lastKnownFileType = sourcecode.c.h; name = XXHomeViewController.h; path = ExampleProject/Controller/XXHomeViewController.h; sourceTree = SOURCE_ROOT; };
		28771DCE1F205C8B002F80ED /* XXHomeViewController.m */ = {isa = PBXFileReference; fileEncoding = 4; lastKnownFileType = sourcecode.c.objc; name = XXHomeViewController.m; path = ExampleProject/Controller/XXHomeViewController.m; sourceTree = SOURCE_ROOT; };
		28771DCF1F205C8B002F80ED /* XXHomeViewController.xib */ = {isa = PBXFileReference; fileEncoding = 4; lastKnownFileType = file.xib; name = XXHomeViewController.xib; path = ExampleProject/Controller/XXHomeViewController.xib; sourceTree = SOURCE_ROOT; };
		28771DD21F20A45E002F80ED /* XXSecondViewController.h */ = {isa = PBXFileReference; fileEncoding = 4; lastKnownFileType = sourcecode.c.h; name = XXSecondViewController.h; path = ExampleProject/Controller/XXSecondViewController.h; sourceTree = SOURCE_ROOT; };
		28771DD31F20A45E002F80ED /* XXSecondViewController.m */ = {isa = PBXFileReference; fileEncoding = 4; lastKnownFileType = sourcecode.c.objc; name = XXSecondViewController.m; path = ExampleProject/Controller/XXSecondViewController.m; sourceTree = SOURCE_ROOT; };
		28771DD41F20A45E002F80ED /* XXSecondViewController.xib */ = {isa = PBXFileReference; fileEncoding = 4; lastKnownFileType = file.xib; name = XXSecondViewController.xib; path = ExampleProject/Controller/XXSecondViewController.xib; sourceTree = SOURCE_ROOT; };
		28771DDC1F20A4BA002F80ED /* XXThirdViewController.h */ = {isa = PBXFileReference; fileEncoding = 4; lastKnownFileType = sourcecode.c.h; name = XXThirdViewController.h; path = ExampleProject/Controller/XXThirdViewController.h; sourceTree = SOURCE_ROOT; };
		28771DDD1F20A4BA002F80ED /* XXThirdViewController.m */ = {isa = PBXFileReference; fileEncoding = 4; lastKnownFileType = sourcecode.c.objc; name = XXThirdViewController.m; path = ExampleProject/Controller/XXThirdViewController.m; sourceTree = SOURCE_ROOT; };
		28771DDE1F20A4BA002F80ED /* XXThirdViewController.xib */ = {isa = PBXFileReference; fileEncoding = 4; lastKnownFileType = file.xib; name = XXThirdViewController.xib; path = ExampleProject/Controller/XXThirdViewController.xib; sourceTree = SOURCE_ROOT; };
		28771DE11F20A4CE002F80ED /* XXMineViewController.h */ = {isa = PBXFileReference; fileEncoding = 4; lastKnownFileType = sourcecode.c.h; name = XXMineViewController.h; path = ExampleProject/Controller/XXMineViewController.h; sourceTree = SOURCE_ROOT; };
		28771DE21F20A4CE002F80ED /* XXMineViewController.m */ = {isa = PBXFileReference; fileEncoding = 4; lastKnownFileType = sourcecode.c.objc; name = XXMineViewController.m; path = ExampleProject/Controller/XXMineViewController.m; sourceTree = SOURCE_ROOT; };
		28771DE31F20A4CE002F80ED /* XXMineViewController.xib */ = {isa = PBXFileReference; fileEncoding = 4; lastKnownFileType = file.xib; name = XXMineViewController.xib; path = ExampleProject/Controller/XXMineViewController.xib; sourceTree = SOURCE_ROOT; };
		28771DEC1F20A5DE002F80ED /* XXUINavigationViewController.h */ = {isa = PBXFileReference; fileEncoding = 4; lastKnownFileType = sourcecode.c.h; name = XXUINavigationViewController.h; path = ExampleProject/Common/SubClasses/XXUINavigationViewController.h; sourceTree = SOURCE_ROOT; };
		28771DED1F20A5DE002F80ED /* XXUINavigationViewController.m */ = {isa = PBXFileReference; fileEncoding = 4; lastKnownFileType = sourcecode.c.objc; name = XXUINavigationViewController.m; path = ExampleProject/Common/SubClasses/XXUINavigationViewController.m; sourceTree = SOURCE_ROOT; };
		28771DEF1F20A659002F80ED /* UIImageView+Networking.h */ = {isa = PBXFileReference; fileEncoding = 4; lastKnownFileType = sourcecode.c.h; name = "UIImageView+Networking.h"; path = "ExampleProject/Common/Categories/UIImageView+Networking.h"; sourceTree = SOURCE_ROOT; };
		28771DF01F20A659002F80ED /* UIImageView+Networking.m */ = {isa = PBXFileReference; fileEncoding = 4; lastKnownFileType = sourcecode.c.objc; name = "UIImageView+Networking.m"; path = "ExampleProject/Common/Categories/UIImageView+Networking.m"; sourceTree = SOURCE_ROOT; };
		28771DF11F20A659002F80ED /* UIViewController+PLExtension.h */ = {isa = PBXFileReference; fileEncoding = 4; lastKnownFileType = sourcecode.c.h; name = "UIViewController+PLExtension.h"; path = "ExampleProject/Common/Categories/UIViewController+PLExtension.h"; sourceTree = SOURCE_ROOT; };
		28771DF21F20A659002F80ED /* UIViewController+PLExtension.m */ = {isa = PBXFileReference; fileEncoding = 4; lastKnownFileType = sourcecode.c.objc; name = "UIViewController+PLExtension.m"; path = "ExampleProject/Common/Categories/UIViewController+PLExtension.m"; sourceTree = SOURCE_ROOT; };
		DADF0916764BAF7CDF55E9B8 /* Pods-ExampleProject.debug.xcconfig */ = {isa = PBXFileReference; includeInIndex = 1; lastKnownFileType = text.xcconfig; name = "Pods-ExampleProject.debug.xcconfig"; path = "Pods/Target Support Files/Pods-ExampleProject/Pods-ExampleProject.debug.xcconfig"; sourceTree = "<group>"; };
		DDEAF80A5398156E0074AEF7 /* libPods-ExampleProject.a */ = {isa = PBXFileReference; explicitFileType = archive.ar; includeInIndex = 0; path = "libPods-ExampleProject.a"; sourceTree = BUILT_PRODUCTS_DIR; };
		F1472FE6917301F6B5110736 /* Pods-ExampleProject.release.xcconfig */ = {isa = PBXFileReference; includeInIndex = 1; lastKnownFileType = text.xcconfig; name = "Pods-ExampleProject.release.xcconfig"; path = "Pods/Target Support Files/Pods-ExampleProject/Pods-ExampleProject.release.xcconfig"; sourceTree = "<group>"; };
/* End PBXFileReference section */

/* Begin PBXFrameworksBuildPhase section */
		28770E481F1F4103002F80ED /* Frameworks */ = {
			isa = PBXFrameworksBuildPhase;
			buildActionMask = 2147483647;
			files = (
				0F64B59EC97C35E363660713 /* libPods-ExampleProject.a in Frameworks */,
			);
			runOnlyForDeploymentPostprocessing = 0;
		};
/* End PBXFrameworksBuildPhase section */

/* Begin PBXGroup section */
		1B840FAF3E19D769D6886B61 /* Pods */ = {
			isa = PBXGroup;
			children = (
				DADF0916764BAF7CDF55E9B8 /* Pods-ExampleProject.debug.xcconfig */,
				F1472FE6917301F6B5110736 /* Pods-ExampleProject.release.xcconfig */,
			);
			name = Pods;
			sourceTree = "<group>";
		};
		28770E421F1F4103002F80ED = {
			isa = PBXGroup;
			children = (
				28770E4D1F1F4103002F80ED /* ExampleProject */,
				28770E4C1F1F4103002F80ED /* Products */,
				1B840FAF3E19D769D6886B61 /* Pods */,
				320E179D82657E8E122A44C4 /* Frameworks */,
			);
			sourceTree = "<group>";
		};
		28770E4C1F1F4103002F80ED /* Products */ = {
			isa = PBXGroup;
			children = (
				28770E4B1F1F4103002F80ED /* ExampleProject.app */,
			);
			name = Products;
			sourceTree = "<group>";
		};
		28770E4D1F1F4103002F80ED /* ExampleProject */ = {
			isa = PBXGroup;
			children = (
				28770E511F1F4103002F80ED /* AppDelegate.h */,
				28770E521F1F4103002F80ED /* AppDelegate.m */,
				28770E651F1F4410002F80ED /* Common */,
				28770E661F1F441B002F80ED /* Controller */,
				28770ECD1F1F441B002F80ED /* View */,
				28770E9A1F1F441B002F80ED /* Model */,
				28770EA41F1F441B002F80ED /* Resource */,
				28770EAF1F1F441B002F80ED /* RESTfulAPI */,
				28770EC81F1F441B002F80ED /* VendorAPI */,
				28770FAD1F1F4463002F80ED /* Libs */,
				28770E4E1F1F4103002F80ED /* Supporting Files */,
			);
			path = ExampleProject;
			sourceTree = "<group>";
		};
		28770E4E1F1F4103002F80ED /* Supporting Files */ = {
			isa = PBXGroup;
			children = (
				28770FCD1F1F4487002F80ED /* CodeStyle.txt */,
				28770E5C1F1F4103002F80ED /* LaunchScreen.storyboard */,
				28770E5F1F1F4103002F80ED /* Info.plist */,
				28770E4F1F1F4103002F80ED /* main.m */,
				28770FCF1F1F448F002F80ED /* Patrol.entitlements */,
			);
			name = "Supporting Files";
			sourceTree = "<group>";
		};
		28770E651F1F4410002F80ED /* Common */ = {
			isa = PBXGroup;
			children = (
				287710001F1F6085002F80ED /* CommonAppHeaders.h */,
				287710011F1F6085002F80ED /* AppConstants.h */,
				287710021F1F6085002F80ED /* PodsHeaders.h */,
				28771DA41F1F61A3002F80ED /* Additions */,
				28771DA51F1F61A3002F80ED /* Categories */,
				28771DA81F1F61A3002F80ED /* SubClasses */,
				28771DA01F1F6167002F80ED /* Utility */,
				28771D9F1F1F615B002F80ED /* Components */,
			);
			path = Common;
			sourceTree = "<group>";
		};
		28770E661F1F441B002F80ED /* Controller */ = {
			isa = PBXGroup;
			children = (
				28770FD01F1F458F002F80ED /* Home */,
				28770FD11F1F4598002F80ED /* Second */,
				28770FD21F1F45C2002F80ED /* Third */,
				28770FD31F1F45D0002F80ED /* Mine */,
			);
			path = Controller;
			sourceTree = "<group>";
		};
		28770E9A1F1F441B002F80ED /* Model */ = {
			isa = PBXGroup;
			children = (
				28770FF21F1F4A56002F80ED /* Home */,
				28770FF51F1F4A71002F80ED /* Second */,
				28770FF41F1F4A69002F80ED /* Third */,
				28770FF31F1F4A5F002F80ED /* Mine */,
			);
			path = Model;
			sourceTree = "<group>";
		};
		28770EA41F1F441B002F80ED /* Resource */ = {
			isa = PBXGroup;
			children = (
				28770EA71F1F441B002F80ED /* App.xcassets */,
				28770EA91F1F441B002F80ED /* Common.xcassets */,
				28770EAA1F1F441B002F80ED /* Home.xcassets */,
				28770EAB1F1F441B002F80ED /* Login.xcassets */,
			);
			path = Resource;
			sourceTree = "<group>";
		};
		28770EAF1F1F441B002F80ED /* RESTfulAPI */ = {
			isa = PBXGroup;
			children = (
				28770EB11F1F441B002F80ED /* BaseAPIURL.h */,
				28770EC61F1F441B002F80ED /* SingletonDemo.h */,
				28770EC71F1F441B002F80ED /* SingletonDemo.m */,
				28770FFC1F1F4C81002F80ED /* Calls */,
			);
			path = RESTfulAPI;
			sourceTree = "<group>";
		};
		28770EC81F1F441B002F80ED /* VendorAPI */ = {
			isa = PBXGroup;
			children = (
			);
			path = VendorAPI;
			sourceTree = "<group>";
		};
		28770ECD1F1F441B002F80ED /* View */ = {
			isa = PBXGroup;
			children = (
				28771DBF1F1F686E002F80ED /* Home */,
				28771DC01F1F6874002F80ED /* Second */,
				28771DC11F1F6883002F80ED /* Third */,
				28771DC21F1F688A002F80ED /* Mine */,
			);
			path = View;
			sourceTree = "<group>";
		};
		28770FAD1F1F4463002F80ED /* Libs */ = {
			isa = PBXGroup;
			children = (
				28770FB01F1F4463002F80ED /* LibsHeader.h */,
			);
			path = Libs;
			sourceTree = SOURCE_ROOT;
		};
		28770FD01F1F458F002F80ED /* Home */ = {
			isa = PBXGroup;
			children = (
				28771DCD1F205C8B002F80ED /* XXHomeViewController.h */,
				28771DCE1F205C8B002F80ED /* XXHomeViewController.m */,
				28771DCF1F205C8B002F80ED /* XXHomeViewController.xib */,
			);
			name = Home;
			path = ../Common;
			sourceTree = "<group>";
		};
		28770FD11F1F4598002F80ED /* Second */ = {
			isa = PBXGroup;
			children = (
				28771DD21F20A45E002F80ED /* XXSecondViewController.h */,
				28771DD31F20A45E002F80ED /* XXSecondViewController.m */,
				28771DD41F20A45E002F80ED /* XXSecondViewController.xib */,
			);
			name = Second;
			path = ../Common;
			sourceTree = "<group>";
		};
		28770FD21F1F45C2002F80ED /* Third */ = {
			isa = PBXGroup;
			children = (
				28771DDC1F20A4BA002F80ED /* XXThirdViewController.h */,
				28771DDD1F20A4BA002F80ED /* XXThirdViewController.m */,
				28771DDE1F20A4BA002F80ED /* XXThirdViewController.xib */,
			);
			name = Third;
			path = ../Common;
			sourceTree = "<group>";
		};
		28770FD31F1F45D0002F80ED /* Mine */ = {
			isa = PBXGroup;
			children = (
				28771DE11F20A4CE002F80ED /* XXMineViewController.h */,
				28771DE21F20A4CE002F80ED /* XXMineViewController.m */,
				28771DE31F20A4CE002F80ED /* XXMineViewController.xib */,
			);
			name = Mine;
			path = ../Common;
			sourceTree = "<group>";
		};
		28770FF21F1F4A56002F80ED /* Home */ = {
			isa = PBXGroup;
			children = (
				28770FF61F1F4AD2002F80ED /* HomeModel.h */,
				28770FF71F1F4AD2002F80ED /* HomeModel.m */,
			);
			name = Home;
			sourceTree = "<group>";
		};
		28770FF31F1F4A5F002F80ED /* Mine */ = {
			isa = PBXGroup;
			children = (
			);
			name = Mine;
			sourceTree = "<group>";
		};
		28770FF41F1F4A69002F80ED /* Third */ = {
			isa = PBXGroup;
			children = (
			);
			name = Third;
			sourceTree = "<group>";
		};
		28770FF51F1F4A71002F80ED /* Second */ = {
			isa = PBXGroup;
			children = (
				28770FF91F1F4AE1002F80ED /* SecondModel.h */,
				28770FFA1F1F4AE1002F80ED /* SecondModel.m */,
			);
			name = Second;
			sourceTree = "<group>";
		};
		28770FFC1F1F4C81002F80ED /* Calls */ = {
			isa = PBXGroup;
			children = (
				28770EB41F1F441B002F80ED /* CallsAPIURL.h */,
				28770EB21F1F441B002F80ED /* CallsAPIRESTfulService.h */,
				28770EB31F1F441B002F80ED /* CallsAPIRESTfulService.m */,
			);
			name = Calls;
			sourceTree = "<group>";
		};
		28771D9F1F1F615B002F80ED /* Components */ = {
			isa = PBXGroup;
			children = (
			);
			path = Components;
			sourceTree = "<group>";
		};
		28771DA01F1F6167002F80ED /* Utility */ = {
			isa = PBXGroup;
			children = (
			);
			path = Utility;
			sourceTree = "<group>";
		};
		28771DA41F1F61A3002F80ED /* Additions */ = {
			isa = PBXGroup;
			children = (
				28771DC41F205762002F80ED /* CoreCache+App.h */,
				28771DC51F205762002F80ED /* CoreCache+App.m */,
				28771DC61F205762002F80ED /* CoreStore+App.h */,
				28771DC71F205762002F80ED /* CoreStore+App.m */,
				28771DC81F205762002F80ED /* UIColor+App.h */,
				28771DC91F205762002F80ED /* UIColor+App.m */,
			);
			name = Additions;
			path = Patrol/Common/Additions;
			sourceTree = "<group>";
		};
		28771DA51F1F61A3002F80ED /* Categories */ = {
			isa = PBXGroup;
			children = (
				28771DEF1F20A659002F80ED /* UIImageView+Networking.h */,
				28771DF01F20A659002F80ED /* UIImageView+Networking.m */,
				28771DF11F20A659002F80ED /* UIViewController+PLExtension.h */,
				28771DF21F20A659002F80ED /* UIViewController+PLExtension.m */,
			);
			name = Categories;
			path = Patrol/Common/Categories;
			sourceTree = "<group>";
		};
		28771DA81F1F61A3002F80ED /* SubClasses */ = {
			isa = PBXGroup;
			children = (
				28771DEC1F20A5DE002F80ED /* XXUINavigationViewController.h */,
				28771DED1F20A5DE002F80ED /* XXUINavigationViewController.m */,
			);
			name = SubClasses;
			path = Patrol/Common/SubClasses;
			sourceTree = "<group>";
		};
		28771DBF1F1F686E002F80ED /* Home */ = {
			isa = PBXGroup;
			children = (
			);
			name = Home;
			sourceTree = "<group>";
		};
		28771DC01F1F6874002F80ED /* Second */ = {
			isa = PBXGroup;
			children = (
			);
			name = Second;
			sourceTree = "<group>";
		};
		28771DC11F1F6883002F80ED /* Third */ = {
			isa = PBXGroup;
			children = (
			);
			name = Third;
			sourceTree = "<group>";
		};
		28771DC21F1F688A002F80ED /* Mine */ = {
			isa = PBXGroup;
			children = (
			);
			name = Mine;
			sourceTree = "<group>";
		};
		320E179D82657E8E122A44C4 /* Frameworks */ = {
			isa = PBXGroup;
			children = (
				DDEAF80A5398156E0074AEF7 /* libPods-ExampleProject.a */,
			);
			name = Frameworks;
			sourceTree = "<group>";
		};
/* End PBXGroup section */

/* Begin PBXNativeTarget section */
		28770E4A1F1F4103002F80ED /* ExampleProject */ = {
			isa = PBXNativeTarget;
			buildConfigurationList = 28770E621F1F4103002F80ED /* Build configuration list for PBXNativeTarget "ExampleProject" */;
			buildPhases = (
				001669C92B9886DF3E08BCFA /* [CP] Check Pods Manifest.lock */,
				28770E471F1F4103002F80ED /* Sources */,
				28770E481F1F4103002F80ED /* Frameworks */,
				28770E491F1F4103002F80ED /* Resources */,
				C4AB36B5959EF6028398E10F /* [CP] Embed Pods Frameworks */,
				B9FE29338940C0A2D7DE7031 /* [CP] Copy Pods Resources */,
			);
			buildRules = (
			);
			dependencies = (
			);
			name = ExampleProject;
			productName = ExampleProject;
			productReference = 28770E4B1F1F4103002F80ED /* ExampleProject.app */;
			productType = "com.apple.product-type.application";
		};
/* End PBXNativeTarget section */

/* Begin PBXProject section */
		28770E431F1F4103002F80ED /* Project object */ = {
			isa = PBXProject;
			attributes = {
				LastUpgradeCheck = 0830;
				ORGANIZATIONNAME = Hades;
				TargetAttributes = {
					28770E4A1F1F4103002F80ED = {
						CreatedOnToolsVersion = 8.3.3;
						DevelopmentTeam = WX73XRL87F;
						ProvisioningStyle = Automatic;
					};
				};
			};
			buildConfigurationList = 28770E461F1F4103002F80ED /* Build configuration list for PBXProject "ExampleProject" */;
			compatibilityVersion = "Xcode 3.2";
			developmentRegion = English;
			hasScannedForEncodings = 0;
			knownRegions = (
				en,
				Base,
			);
			mainGroup = 28770E421F1F4103002F80ED;
			productRefGroup = 28770E4C1F1F4103002F80ED /* Products */;
			projectDirPath = "";
			projectRoot = "";
			targets = (
				28770E4A1F1F4103002F80ED /* ExampleProject */,
			);
		};
/* End PBXProject section */

/* Begin PBXResourcesBuildPhase section */
		28770E491F1F4103002F80ED /* Resources */ = {
			isa = PBXResourcesBuildPhase;
			buildActionMask = 2147483647;
			files = (
				28770F381F1F441C002F80ED /* Home.xcassets in Resources */,
				28771DD11F205C8B002F80ED /* XXHomeViewController.xib in Resources */,
				28770F371F1F441C002F80ED /* Common.xcassets in Resources */,
				28770F391F1F441C002F80ED /* Login.xcassets in Resources */,
				28771DD61F20A45E002F80ED /* XXSecondViewController.xib in Resources */,
				28770E5E1F1F4103002F80ED /* LaunchScreen.storyboard in Resources */,
				28771DE01F20A4BA002F80ED /* XXThirdViewController.xib in Resources */,
				28770F351F1F441C002F80ED /* App.xcassets in Resources */,
				28771DE51F20A4CE002F80ED /* XXMineViewController.xib in Resources */,
				28770FCE1F1F4487002F80ED /* CodeStyle.txt in Resources */,
			);
			runOnlyForDeploymentPostprocessing = 0;
		};
/* End PBXResourcesBuildPhase section */

/* Begin PBXShellScriptBuildPhase section */
		001669C92B9886DF3E08BCFA /* [CP] Check Pods Manifest.lock */ = {
			isa = PBXShellScriptBuildPhase;
			buildActionMask = 2147483647;
			files = (
			);
			inputPaths = (
			);
			name = "[CP] Check Pods Manifest.lock";
			outputPaths = (
			);
			runOnlyForDeploymentPostprocessing = 0;
			shellPath = /bin/sh;
			shellScript = "diff \"${PODS_PODFILE_DIR_PATH}/Podfile.lock\" \"${PODS_ROOT}/Manifest.lock\" > /dev/null\nif [ $? != 0 ] ; then\n    # print error to STDERR\n    echo \"error: The sandbox is not in sync with the Podfile.lock. Run 'pod install' or update your CocoaPods installation.\" >&2\n    exit 1\nfi\n";
			showEnvVarsInLog = 0;
		};
		B9FE29338940C0A2D7DE7031 /* [CP] Copy Pods Resources */ = {
			isa = PBXShellScriptBuildPhase;
			buildActionMask = 2147483647;
			files = (
			);
			inputPaths = (
			);
			name = "[CP] Copy Pods Resources";
			outputPaths = (
			);
			runOnlyForDeploymentPostprocessing = 0;
			shellPath = /bin/sh;
			shellScript = "\"${SRCROOT}/Pods/Target Support Files/Pods-ExampleProject/Pods-ExampleProject-resources.sh\"\n";
			showEnvVarsInLog = 0;
		};
		C4AB36B5959EF6028398E10F /* [CP] Embed Pods Frameworks */ = {
			isa = PBXShellScriptBuildPhase;
			buildActionMask = 2147483647;
			files = (
			);
			inputPaths = (
			);
			name = "[CP] Embed Pods Frameworks";
			outputPaths = (
			);
			runOnlyForDeploymentPostprocessing = 0;
			shellPath = /bin/sh;
			shellScript = "\"${SRCROOT}/Pods/Target Support Files/Pods-ExampleProject/Pods-ExampleProject-frameworks.sh\"\n";
			showEnvVarsInLog = 0;
		};
/* End PBXShellScriptBuildPhase section */

/* Begin PBXSourcesBuildPhase section */
		28770E471F1F4103002F80ED /* Sources */ = {
			isa = PBXSourcesBuildPhase;
			buildActionMask = 2147483647;
			files = (
				28770FFB1F1F4AE1002F80ED /* SecondModel.m in Sources */,
				28770F3E1F1F441C002F80ED /* CallsAPIRESTfulService.m in Sources */,
				28770E531F1F4103002F80ED /* AppDelegate.m in Sources */,
				28771DDF1F20A4BA002F80ED /* XXThirdViewController.m in Sources */,
				28771DF41F20A659002F80ED /* UIViewController+PLExtension.m in Sources */,
				28771DCC1F205762002F80ED /* UIColor+App.m in Sources */,
				28771DF31F20A659002F80ED /* UIImageView+Networking.m in Sources */,
				28770F451F1F441C002F80ED /* SingletonDemo.m in Sources */,
				28771DCA1F205762002F80ED /* CoreCache+App.m in Sources */,
				28771DD51F20A45E002F80ED /* XXSecondViewController.m in Sources */,
				28771DCB1F205762002F80ED /* CoreStore+App.m in Sources */,
				28771DD01F205C8B002F80ED /* XXHomeViewController.m in Sources */,
				28770E501F1F4103002F80ED /* main.m in Sources */,
				28771DE41F20A4CE002F80ED /* XXMineViewController.m in Sources */,
				28771DEE1F20A5DE002F80ED /* XXUINavigationViewController.m in Sources */,
				28770FF81F1F4AD2002F80ED /* HomeModel.m in Sources */,
			);
			runOnlyForDeploymentPostprocessing = 0;
		};
/* End PBXSourcesBuildPhase section */

/* Begin PBXVariantGroup section */
		28770E5C1F1F4103002F80ED /* LaunchScreen.storyboard */ = {
			isa = PBXVariantGroup;
			children = (
				28770E5D1F1F4103002F80ED /* Base */,
			);
			name = LaunchScreen.storyboard;
			sourceTree = "<group>";
		};
/* End PBXVariantGroup section */

/* Begin XCBuildConfiguration section */
		28770E601F1F4103002F80ED /* Debug */ = {
			isa = XCBuildConfiguration;
			buildSettings = {
				ALWAYS_SEARCH_USER_PATHS = NO;
				CLANG_ANALYZER_NONNULL = YES;
				CLANG_ANALYZER_NUMBER_OBJECT_CONVERSION = YES_AGGRESSIVE;
				CLANG_CXX_LANGUAGE_STANDARD = "gnu++0x";
				CLANG_CXX_LIBRARY = "libc++";
				CLANG_ENABLE_MODULES = YES;
				CLANG_ENABLE_OBJC_ARC = YES;
				CLANG_WARN_BOOL_CONVERSION = YES;
				CLANG_WARN_CONSTANT_CONVERSION = YES;
				CLANG_WARN_DIRECT_OBJC_ISA_USAGE = YES_ERROR;
				CLANG_WARN_DOCUMENTATION_COMMENTS = YES;
				CLANG_WARN_EMPTY_BODY = YES;
				CLANG_WARN_ENUM_CONVERSION = YES;
				CLANG_WARN_INFINITE_RECURSION = YES;
				CLANG_WARN_INT_CONVERSION = YES;
				CLANG_WARN_OBJC_ROOT_CLASS = YES_ERROR;
				CLANG_WARN_SUSPICIOUS_MOVE = YES;
				CLANG_WARN_UNREACHABLE_CODE = YES;
				CLANG_WARN__DUPLICATE_METHOD_MATCH = YES;
				"CODE_SIGN_IDENTITY[sdk=iphoneos*]" = "iPhone Developer";
				COPY_PHASE_STRIP = NO;
				DEBUG_INFORMATION_FORMAT = dwarf;
				ENABLE_STRICT_OBJC_MSGSEND = YES;
				ENABLE_TESTABILITY = YES;
				GCC_C_LANGUAGE_STANDARD = gnu99;
				GCC_DYNAMIC_NO_PIC = NO;
				GCC_NO_COMMON_BLOCKS = YES;
				GCC_OPTIMIZATION_LEVEL = 0;
				GCC_PREPROCESSOR_DEFINITIONS = (
					"DEBUG=1",
					"$(inherited)",
				);
				GCC_WARN_64_TO_32_BIT_CONVERSION = YES;
				GCC_WARN_ABOUT_RETURN_TYPE = YES_ERROR;
				GCC_WARN_UNDECLARED_SELECTOR = YES;
				GCC_WARN_UNINITIALIZED_AUTOS = YES_AGGRESSIVE;
				GCC_WARN_UNUSED_FUNCTION = YES;
				GCC_WARN_UNUSED_VARIABLE = YES;
				IPHONEOS_DEPLOYMENT_TARGET = 10.3;
				MTL_ENABLE_DEBUG_INFO = YES;
				ONLY_ACTIVE_ARCH = YES;
				SDKROOT = iphoneos;
				TARGETED_DEVICE_FAMILY = "1,2";
			};
			name = Debug;
		};
		28770E611F1F4103002F80ED /* Release */ = {
			isa = XCBuildConfiguration;
			buildSettings = {
				ALWAYS_SEARCH_USER_PATHS = NO;
				CLANG_ANALYZER_NONNULL = YES;
				CLANG_ANALYZER_NUMBER_OBJECT_CONVERSION = YES_AGGRESSIVE;
				CLANG_CXX_LANGUAGE_STANDARD = "gnu++0x";
				CLANG_CXX_LIBRARY = "libc++";
				CLANG_ENABLE_MODULES = YES;
				CLANG_ENABLE_OBJC_ARC = YES;
				CLANG_WARN_BOOL_CONVERSION = YES;
				CLANG_WARN_CONSTANT_CONVERSION = YES;
				CLANG_WARN_DIRECT_OBJC_ISA_USAGE = YES_ERROR;
				CLANG_WARN_DOCUMENTATION_COMMENTS = YES;
				CLANG_WARN_EMPTY_BODY = YES;
				CLANG_WARN_ENUM_CONVERSION = YES;
				CLANG_WARN_INFINITE_RECURSION = YES;
				CLANG_WARN_INT_CONVERSION = YES;
				CLANG_WARN_OBJC_ROOT_CLASS = YES_ERROR;
				CLANG_WARN_SUSPICIOUS_MOVE = YES;
				CLANG_WARN_UNREACHABLE_CODE = YES;
				CLANG_WARN__DUPLICATE_METHOD_MATCH = YES;
				"CODE_SIGN_IDENTITY[sdk=iphoneos*]" = "iPhone Developer";
				COPY_PHASE_STRIP = NO;
				DEBUG_INFORMATION_FORMAT = "dwarf-with-dsym";
				ENABLE_NS_ASSERTIONS = NO;
				ENABLE_STRICT_OBJC_MSGSEND = YES;
				GCC_C_LANGUAGE_STANDARD = gnu99;
				GCC_NO_COMMON_BLOCKS = YES;
				GCC_WARN_64_TO_32_BIT_CONVERSION = YES;
				GCC_WARN_ABOUT_RETURN_TYPE = YES_ERROR;
				GCC_WARN_UNDECLARED_SELECTOR = YES;
				GCC_WARN_UNINITIALIZED_AUTOS = YES_AGGRESSIVE;
				GCC_WARN_UNUSED_FUNCTION = YES;
				GCC_WARN_UNUSED_VARIABLE = YES;
				IPHONEOS_DEPLOYMENT_TARGET = 10.3;
				MTL_ENABLE_DEBUG_INFO = NO;
				SDKROOT = iphoneos;
				TARGETED_DEVICE_FAMILY = "1,2";
				VALIDATE_PRODUCT = YES;
			};
			name = Release;
		};
		28770E631F1F4103002F80ED /* Debug */ = {
			isa = XCBuildConfiguration;
			baseConfigurationReference = DADF0916764BAF7CDF55E9B8 /* Pods-ExampleProject.debug.xcconfig */;
			buildSettings = {
				ASSETCATALOG_COMPILER_APPICON_NAME = AppIcon;
				DEVELOPMENT_TEAM = WX73XRL87F;
				FRAMEWORK_SEARCH_PATHS = (
					"$(inherited)",
					"$(PROJECT_DIR)/ExampleProject/Libs/BMapPanoSDK",
					"$(PROJECT_DIR)/ExampleProject/Libs/QQSDK",
					"$(PROJECT_DIR)/Libs/BMapPanoSDK",
					"$(PROJECT_DIR)/Libs/QQSDK",
				);
				INFOPLIST_FILE = ExampleProject/Info.plist;
				LD_RUNPATH_SEARCH_PATHS = "$(inherited) @executable_path/Frameworks";
				LIBRARY_SEARCH_PATHS = (
					"$(inherited)",
					"$(PROJECT_DIR)/ExampleProject/Libs/WeChatSDK",
					"$(PROJECT_DIR)/ExampleProject/Libs/WeiBoSDK",
					"$(PROJECT_DIR)/Libs/WeChatSDK",
					"$(PROJECT_DIR)/Libs/WeiBoSDK",
				);
				PRODUCT_BUNDLE_IDENTIFIER = com.cloud4magic.ExampleProject;
				PRODUCT_NAME = "$(TARGET_NAME)";
			};
			name = Debug;
		};
		28770E641F1F4103002F80ED /* Release */ = {
			isa = XCBuildConfiguration;
			baseConfigurationReference = F1472FE6917301F6B5110736 /* Pods-ExampleProject.release.xcconfig */;
			buildSettings = {
				ASSETCATALOG_COMPILER_APPICON_NAME = AppIcon;
				DEVELOPMENT_TEAM = WX73XRL87F;
				FRAMEWORK_SEARCH_PATHS = (
					"$(inherited)",
					"$(PROJECT_DIR)/ExampleProject/Libs/BMapPanoSDK",
					"$(PROJECT_DIR)/ExampleProject/Libs/QQSDK",
					"$(PROJECT_DIR)/Libs/BMapPanoSDK",
					"$(PROJECT_DIR)/Libs/QQSDK",
				);
				INFOPLIST_FILE = ExampleProject/Info.plist;
				LD_RUNPATH_SEARCH_PATHS = "$(inherited) @executable_path/Frameworks";
				LIBRARY_SEARCH_PATHS = (
					"$(inherited)",
					"$(PROJECT_DIR)/ExampleProject/Libs/WeChatSDK",
					"$(PROJECT_DIR)/ExampleProject/Libs/WeiBoSDK",
					"$(PROJECT_DIR)/Libs/WeChatSDK",
					"$(PROJECT_DIR)/Libs/WeiBoSDK",
				);
				PRODUCT_BUNDLE_IDENTIFIER = com.cloud4magic.ExampleProject;
				PRODUCT_NAME = "$(TARGET_NAME)";
			};
			name = Release;
		};
/* End XCBuildConfiguration section */

/* Begin XCConfigurationList section */
		28770E461F1F4103002F80ED /* Build configuration list for PBXProject "ExampleProject" */ = {
			isa = XCConfigurationList;
			buildConfigurations = (
				28770E601F1F4103002F80ED /* Debug */,
				28770E611F1F4103002F80ED /* Release */,
			);
			defaultConfigurationIsVisible = 0;
			defaultConfigurationName = Release;
		};
		28770E621F1F4103002F80ED /* Build configuration list for PBXNativeTarget "ExampleProject" */ = {
			isa = XCConfigurationList;
			buildConfigurations = (
				28770E631F1F4103002F80ED /* Debug */,
				28770E641F1F4103002F80ED /* Release */,
			);
			defaultConfigurationIsVisible = 0;
			defaultConfigurationName = Release;
		};
/* End XCConfigurationList section */
	};
	rootObject = 28770E431F1F4103002F80ED /* Project object */;
}
